// !$*UTF8*$!
{
	archiveVersion = 1;
	classes = {
	};
	objectVersion = 55;
	objects = {

/* Begin PBXBuildFile section */
		5CA6E05828873AD500D7CEA7 /* AppDelegate.swift in Sources */ = {isa = PBXBuildFile; fileRef = 5CA6E05728873AD500D7CEA7 /* AppDelegate.swift */; };
		5CA6E05A28873AD500D7CEA7 /* SceneDelegate.swift in Sources */ = {isa = PBXBuildFile; fileRef = 5CA6E05928873AD500D7CEA7 /* SceneDelegate.swift */; };
		5CA6E05C28873AD500D7CEA7 /* ViewController.swift in Sources */ = {isa = PBXBuildFile; fileRef = 5CA6E05B28873AD500D7CEA7 /* ViewController.swift */; };
		5CA6E05F28873AD500D7CEA7 /* Main.storyboard in Resources */ = {isa = PBXBuildFile; fileRef = 5CA6E05D28873AD500D7CEA7 /* Main.storyboard */; };
		5CA6E06128873AD700D7CEA7 /* Assets.xcassets in Resources */ = {isa = PBXBuildFile; fileRef = 5CA6E06028873AD700D7CEA7 /* Assets.xcassets */; };
		5CA6E06428873AD700D7CEA7 /* LaunchScreen.storyboard in Resources */ = {isa = PBXBuildFile; fileRef = 5CA6E06228873AD700D7CEA7 /* LaunchScreen.storyboard */; };
		5CF8AC5228874B0300A61209 /* france@2x.png in Resources */ = {isa = PBXBuildFile; fileRef = 5CF8AC3A28874B0100A61209 /* france@2x.png */; };
		5CF8AC5328874B0300A61209 /* germany@2x.png in Resources */ = {isa = PBXBuildFile; fileRef = 5CF8AC3B28874B0100A61209 /* germany@2x.png */; };
		5CF8AC5428874B0300A61209 /* germany@3x.png in Resources */ = {isa = PBXBuildFile; fileRef = 5CF8AC3C28874B0100A61209 /* germany@3x.png */; };
		5CF8AC5528874B0300A61209 /* poland@3x.png in Resources */ = {isa = PBXBuildFile; fileRef = 5CF8AC3D28874B0100A61209 /* poland@3x.png */; };
		5CF8AC5628874B0300A61209 /* italy@3x.png in Resources */ = {isa = PBXBuildFile; fileRef = 5CF8AC3E28874B0100A61209 /* italy@3x.png */; };
		5CF8AC5728874B0300A61209 /* estonia@3x.png in Resources */ = {isa = PBXBuildFile; fileRef = 5CF8AC3F28874B0100A61209 /* estonia@3x.png */; };
		5CF8AC5828874B0300A61209 /* nigeria@2x.png in Resources */ = {isa = PBXBuildFile; fileRef = 5CF8AC4028874B0100A61209 /* nigeria@2x.png */; };
		5CF8AC5928874B0300A61209 /* ireland@2x.png in Resources */ = {isa = PBXBuildFile; fileRef = 5CF8AC4128874B0100A61209 /* ireland@2x.png */; };
		5CF8AC5A28874B0300A61209 /* russia@2x.png in Resources */ = {isa = PBXBuildFile; fileRef = 5CF8AC4228874B0100A61209 /* russia@2x.png */; };
		5CF8AC5B28874B0300A61209 /* russia@3x.png in Resources */ = {isa = PBXBuildFile; fileRef = 5CF8AC4328874B0100A61209 /* russia@3x.png */; };
		5CF8AC5C28874B0300A61209 /* uk@3x.png in Resources */ = {isa = PBXBuildFile; fileRef = 5CF8AC4428874B0100A61209 /* uk@3x.png */; };
		5CF8AC5D28874B0300A61209 /* us@3x.png in Resources */ = {isa = PBXBuildFile; fileRef = 5CF8AC4528874B0100A61209 /* us@3x.png */; };
		5CF8AC5E28874B0300A61209 /* us@2x.png in Resources */ = {isa = PBXBuildFile; fileRef = 5CF8AC4628874B0200A61209 /* us@2x.png */; };
		5CF8AC5F28874B0300A61209 /* estonia@2x.png in Resources */ = {isa = PBXBuildFile; fileRef = 5CF8AC4728874B0200A61209 /* estonia@2x.png */; };
		5CF8AC6028874B0300A61209 /* nigeria@3x.png in Resources */ = {isa = PBXBuildFile; fileRef = 5CF8AC4828874B0200A61209 /* nigeria@3x.png */; };
		5CF8AC6128874B0300A61209 /* monaco@3x.png in Resources */ = {isa = PBXBuildFile; fileRef = 5CF8AC4928874B0200A61209 /* monaco@3x.png */; };
		5CF8AC6228874B0300A61209 /* france@3x.png in Resources */ = {isa = PBXBuildFile; fileRef = 5CF8AC4A28874B0200A61209 /* france@3x.png */; };
		5CF8AC6328874B0300A61209 /* ireland@3x.png in Resources */ = {isa = PBXBuildFile; fileRef = 5CF8AC4B28874B0200A61209 /* ireland@3x.png */; };
		5CF8AC6428874B0300A61209 /* monaco@2x.png in Resources */ = {isa = PBXBuildFile; fileRef = 5CF8AC4C28874B0200A61209 /* monaco@2x.png */; };
		5CF8AC6528874B0300A61209 /* italy@2x.png in Resources */ = {isa = PBXBuildFile; fileRef = 5CF8AC4D28874B0200A61209 /* italy@2x.png */; };
		5CF8AC6628874B0300A61209 /* uk@2x.png in Resources */ = {isa = PBXBuildFile; fileRef = 5CF8AC4E28874B0200A61209 /* uk@2x.png */; };
		5CF8AC6728874B0300A61209 /* spain@2x.png in Resources */ = {isa = PBXBuildFile; fileRef = 5CF8AC4F28874B0200A61209 /* spain@2x.png */; };
		5CF8AC6828874B0300A61209 /* spain@3x.png in Resources */ = {isa = PBXBuildFile; fileRef = 5CF8AC5028874B0200A61209 /* spain@3x.png */; };
		5CF8AC6928874B0300A61209 /* poland@2x.png in Resources */ = {isa = PBXBuildFile; fileRef = 5CF8AC5128874B0200A61209 /* poland@2x.png */; };
/* End PBXBuildFile section */

/* Begin PBXFileReference section */
		5CA6E05428873AD500D7CEA7 /* FlagList.app */ = {isa = PBXFileReference; explicitFileType = wrapper.application; includeInIndex = 0; path = FlagList.app; sourceTree = BUILT_PRODUCTS_DIR; };
		5CA6E05728873AD500D7CEA7 /* AppDelegate.swift */ = {isa = PBXFileReference; lastKnownFileType = sourcecode.swift; path = AppDelegate.swift; sourceTree = "<group>"; };
		5CA6E05928873AD500D7CEA7 /* SceneDelegate.swift */ = {isa = PBXFileReference; lastKnownFileType = sourcecode.swift; path = SceneDelegate.swift; sourceTree = "<group>"; };
		5CA6E05B28873AD500D7CEA7 /* ViewController.swift */ = {isa = PBXFileReference; lastKnownFileType = sourcecode.swift; path = ViewController.swift; sourceTree = "<group>"; };
		5CA6E05E28873AD500D7CEA7 /* Base */ = {isa = PBXFileReference; lastKnownFileType = file.storyboard; name = Base; path = Base.lproj/Main.storyboard; sourceTree = "<group>"; };
		5CA6E06028873AD700D7CEA7 /* Assets.xcassets */ = {isa = PBXFileReference; lastKnownFileType = folder.assetcatalog; path = Assets.xcassets; sourceTree = "<group>"; };
		5CA6E06328873AD700D7CEA7 /* Base */ = {isa = PBXFileReference; lastKnownFileType = file.storyboard; name = Base; path = Base.lproj/LaunchScreen.storyboard; sourceTree = "<group>"; };
		5CA6E06528873AD700D7CEA7 /* Info.plist */ = {isa = PBXFileReference; lastKnownFileType = text.plist.xml; path = Info.plist; sourceTree = "<group>"; };
		5CF8AC3A28874B0100A61209 /* france@2x.png */ = {isa = PBXFileReference; lastKnownFileType = image.png; path = "france@2x.png"; sourceTree = "<group>"; };
		5CF8AC3B28874B0100A61209 /* germany@2x.png */ = {isa = PBXFileReference; lastKnownFileType = image.png; path = "germany@2x.png"; sourceTree = "<group>"; };
		5CF8AC3C28874B0100A61209 /* germany@3x.png */ = {isa = PBXFileReference; lastKnownFileType = image.png; path = "germany@3x.png"; sourceTree = "<group>"; };
		5CF8AC3D28874B0100A61209 /* poland@3x.png */ = {isa = PBXFileReference; lastKnownFileType = image.png; path = "poland@3x.png"; sourceTree = "<group>"; };
		5CF8AC3E28874B0100A61209 /* italy@3x.png */ = {isa = PBXFileReference; lastKnownFileType = image.png; path = "italy@3x.png"; sourceTree = "<group>"; };
		5CF8AC3F28874B0100A61209 /* estonia@3x.png */ = {isa = PBXFileReference; lastKnownFileType = image.png; path = "estonia@3x.png"; sourceTree = "<group>"; };
		5CF8AC4028874B0100A61209 /* nigeria@2x.png */ = {isa = PBXFileReference; lastKnownFileType = image.png; path = "nigeria@2x.png"; sourceTree = "<group>"; };
		5CF8AC4128874B0100A61209 /* ireland@2x.png */ = {isa = PBXFileReference; lastKnownFileType = image.png; path = "ireland@2x.png"; sourceTree = "<group>"; };
		5CF8AC4228874B0100A61209 /* russia@2x.png */ = {isa = PBXFileReference; lastKnownFileType = image.png; path = "russia@2x.png"; sourceTree = "<group>"; };
		5CF8AC4328874B0100A61209 /* russia@3x.png */ = {isa = PBXFileReference; lastKnownFileType = image.png; path = "russia@3x.png"; sourceTree = "<group>"; };
		5CF8AC4428874B0100A61209 /* uk@3x.png */ = {isa = PBXFileReference; lastKnownFileType = image.png; path = "uk@3x.png"; sourceTree = "<group>"; };
		5CF8AC4528874B0100A61209 /* us@3x.png */ = {isa = PBXFileReference; lastKnownFileType = image.png; path = "us@3x.png"; sourceTree = "<group>"; };
		5CF8AC4628874B0200A61209 /* us@2x.png */ = {isa = PBXFileReference; lastKnownFileType = image.png; path = "us@2x.png"; sourceTree = "<group>"; };
		5CF8AC4728874B0200A61209 /* estonia@2x.png */ = {isa = PBXFileReference; lastKnownFileType = image.png; path = "estonia@2x.png"; sourceTree = "<group>"; };
		5CF8AC4828874B0200A61209 /* nigeria@3x.png */ = {isa = PBXFileReference; lastKnownFileType = image.png; path = "nigeria@3x.png"; sourceTree = "<group>"; };
		5CF8AC4928874B0200A61209 /* monaco@3x.png */ = {isa = PBXFileReference; lastKnownFileType = image.png; path = "monaco@3x.png"; sourceTree = "<group>"; };
		5CF8AC4A28874B0200A61209 /* france@3x.png */ = {isa = PBXFileReference; lastKnownFileType = image.png; path = "france@3x.png"; sourceTree = "<group>"; };
		5CF8AC4B28874B0200A61209 /* ireland@3x.png */ = {isa = PBXFileReference; lastKnownFileType = image.png; path = "ireland@3x.png"; sourceTree = "<group>"; };
		5CF8AC4C28874B0200A61209 /* monaco@2x.png */ = {isa = PBXFileReference; lastKnownFileType = image.png; path = "monaco@2x.png"; sourceTree = "<group>"; };
		5CF8AC4D28874B0200A61209 /* italy@2x.png */ = {isa = PBXFileReference; lastKnownFileType = image.png; path = "italy@2x.png"; sourceTree = "<group>"; };
		5CF8AC4E28874B0200A61209 /* uk@2x.png */ = {isa = PBXFileReference; lastKnownFileType = image.png; path = "uk@2x.png"; sourceTree = "<group>"; };
		5CF8AC4F28874B0200A61209 /* spain@2x.png */ = {isa = PBXFileReference; lastKnownFileType = image.png; path = "spain@2x.png"; sourceTree = "<group>"; };
		5CF8AC5028874B0200A61209 /* spain@3x.png */ = {isa = PBXFileReference; lastKnownFileType = image.png; path = "spain@3x.png"; sourceTree = "<group>"; };
		5CF8AC5128874B0200A61209 /* poland@2x.png */ = {isa = PBXFileReference; lastKnownFileType = image.png; path = "poland@2x.png"; sourceTree = "<group>"; };
/* End PBXFileReference section */

/* Begin PBXFrameworksBuildPhase section */
		5CA6E05128873AD500D7CEA7 /* Frameworks */ = {
			isa = PBXFrameworksBuildPhase;
			buildActionMask = 2147483647;
			files = (
			);
			runOnlyForDeploymentPostprocessing = 0;
		};
/* End PBXFrameworksBuildPhase section */

/* Begin PBXGroup section */
		5CA6E04B28873AD500D7CEA7 = {
			isa = PBXGroup;
			children = (
				5CA6E05628873AD500D7CEA7 /* FlagList */,
				5CA6E05528873AD500D7CEA7 /* Products */,
			);
			sourceTree = "<group>";
		};
		5CA6E05528873AD500D7CEA7 /* Products */ = {
			isa = PBXGroup;
			children = (
				5CA6E05428873AD500D7CEA7 /* FlagList.app */,
			);
			name = Products;
			sourceTree = "<group>";
		};
		5CA6E05628873AD500D7CEA7 /* FlagList */ = {
			isa = PBXGroup;
			children = (
				5CA6E05728873AD500D7CEA7 /* AppDelegate.swift */,
				5CA6E05928873AD500D7CEA7 /* SceneDelegate.swift */,
				5CA6E05B28873AD500D7CEA7 /* ViewController.swift */,
				5CF8AC6A28874B3E00A61209 /* Flags */,
				5CA6E05D28873AD500D7CEA7 /* Main.storyboard */,
				5CA6E06028873AD700D7CEA7 /* Assets.xcassets */,
				5CA6E06228873AD700D7CEA7 /* LaunchScreen.storyboard */,
				5CA6E06528873AD700D7CEA7 /* Info.plist */,
			);
			path = FlagList;
			sourceTree = "<group>";
		};
		5CF8AC6A28874B3E00A61209 /* Flags */ = {
			isa = PBXGroup;
			children = (
				5CF8AC4728874B0200A61209 /* estonia@2x.png */,
				5CF8AC3F28874B0100A61209 /* estonia@3x.png */,
				5CF8AC3A28874B0100A61209 /* france@2x.png */,
				5CF8AC4A28874B0200A61209 /* france@3x.png */,
				5CF8AC3B28874B0100A61209 /* germany@2x.png */,
				5CF8AC3C28874B0100A61209 /* germany@3x.png */,
				5CF8AC4128874B0100A61209 /* ireland@2x.png */,
				5CF8AC4B28874B0200A61209 /* ireland@3x.png */,
				5CF8AC4D28874B0200A61209 /* italy@2x.png */,
				5CF8AC3E28874B0100A61209 /* italy@3x.png */,
				5CF8AC4C28874B0200A61209 /* monaco@2x.png */,
				5CF8AC4928874B0200A61209 /* monaco@3x.png */,
				5CF8AC4028874B0100A61209 /* nigeria@2x.png */,
				5CF8AC4828874B0200A61209 /* nigeria@3x.png */,
				5CF8AC5128874B0200A61209 /* poland@2x.png */,
				5CF8AC3D28874B0100A61209 /* poland@3x.png */,
				5CF8AC4228874B0100A61209 /* russia@2x.png */,
				5CF8AC4328874B0100A61209 /* russia@3x.png */,
				5CF8AC4F28874B0200A61209 /* spain@2x.png */,
				5CF8AC5028874B0200A61209 /* spain@3x.png */,
				5CF8AC4E28874B0200A61209 /* uk@2x.png */,
				5CF8AC4428874B0100A61209 /* uk@3x.png */,
				5CF8AC4628874B0200A61209 /* us@2x.png */,
				5CF8AC4528874B0100A61209 /* us@3x.png */,
			);
			name = Flags;
			sourceTree = "<group>";
		};
/* End PBXGroup section */

/* Begin PBXNativeTarget section */
		5CA6E05328873AD500D7CEA7 /* FlagList */ = {
			isa = PBXNativeTarget;
			buildConfigurationList = 5CA6E06828873AD700D7CEA7 /* Build configuration list for PBXNativeTarget "FlagList" */;
			buildPhases = (
				5CA6E05028873AD500D7CEA7 /* Sources */,
				5CA6E05128873AD500D7CEA7 /* Frameworks */,
				5CA6E05228873AD500D7CEA7 /* Resources */,
			);
			buildRules = (
			);
			dependencies = (
			);
			name = FlagList;
			productName = FlagList;
			productReference = 5CA6E05428873AD500D7CEA7 /* FlagList.app */;
			productType = "com.apple.product-type.application";
		};
/* End PBXNativeTarget section */

/* Begin PBXProject section */
		5CA6E04C28873AD500D7CEA7 /* Project object */ = {
			isa = PBXProject;
			attributes = {
				BuildIndependentTargetsInParallel = 1;
				LastSwiftUpdateCheck = 1340;
				LastUpgradeCheck = 1340;
				TargetAttributes = {
					5CA6E05328873AD500D7CEA7 = {
						CreatedOnToolsVersion = 13.4.1;
					};
				};
			};
			buildConfigurationList = 5CA6E04F28873AD500D7CEA7 /* Build configuration list for PBXProject "FlagList" */;
			compatibilityVersion = "Xcode 13.0";
			developmentRegion = en;
			hasScannedForEncodings = 0;
			knownRegions = (
				en,
				Base,
			);
			mainGroup = 5CA6E04B28873AD500D7CEA7;
			productRefGroup = 5CA6E05528873AD500D7CEA7 /* Products */;
			projectDirPath = "";
			projectRoot = "";
			targets = (
				5CA6E05328873AD500D7CEA7 /* FlagList */,
			);
		};
/* End PBXProject section */

/* Begin PBXResourcesBuildPhase section */
		5CA6E05228873AD500D7CEA7 /* Resources */ = {
			isa = PBXResourcesBuildPhase;
			buildActionMask = 2147483647;
			files = (
				5CF8AC5928874B0300A61209 /* ireland@2x.png in Resources */,
				5CF8AC6028874B0300A61209 /* nigeria@3x.png in Resources */,
				5CF8AC5A28874B0300A61209 /* russia@2x.png in Resources */,
				5CF8AC5828874B0300A61209 /* nigeria@2x.png in Resources */,
				5CF8AC5F28874B0300A61209 /* estonia@2x.png in Resources */,
				5CF8AC6928874B0300A61209 /* poland@2x.png in Resources */,
				5CF8AC6328874B0300A61209 /* ireland@3x.png in Resources */,
				5CF8AC6628874B0300A61209 /* uk@2x.png in Resources */,
				5CF8AC5D28874B0300A61209 /* us@3x.png in Resources */,
				5CF8AC6728874B0300A61209 /* spain@2x.png in Resources */,
				5CA6E06428873AD700D7CEA7 /* LaunchScreen.storyboard in Resources */,
				5CF8AC5228874B0300A61209 /* france@2x.png in Resources */,
				5CF8AC5728874B0300A61209 /* estonia@3x.png in Resources */,
				5CA6E06128873AD700D7CEA7 /* Assets.xcassets in Resources */,
				5CF8AC6428874B0300A61209 /* monaco@2x.png in Resources */,
				5CF8AC6228874B0300A61209 /* france@3x.png in Resources */,
				5CF8AC5428874B0300A61209 /* germany@3x.png in Resources */,
				5CF8AC5528874B0300A61209 /* poland@3x.png in Resources */,
				5CF8AC5B28874B0300A61209 /* russia@3x.png in Resources */,
				5CF8AC6128874B0300A61209 /* monaco@3x.png in Resources */,
				5CF8AC5628874B0300A61209 /* italy@3x.png in Resources */,
				5CF8AC5C28874B0300A61209 /* uk@3x.png in Resources */,
				5CF8AC5328874B0300A61209 /* germany@2x.png in Resources */,
				5CF8AC5E28874B0300A61209 /* us@2x.png in Resources */,
				5CF8AC6828874B0300A61209 /* spain@3x.png in Resources */,
				5CF8AC6528874B0300A61209 /* italy@2x.png in Resources */,
				5CA6E05F28873AD500D7CEA7 /* Main.storyboard in Resources */,
			);
			runOnlyForDeploymentPostprocessing = 0;
		};
/* End PBXResourcesBuildPhase section */

/* Begin PBXSourcesBuildPhase section */
		5CA6E05028873AD500D7CEA7 /* Sources */ = {
			isa = PBXSourcesBuildPhase;
			buildActionMask = 2147483647;
			files = (
				5CA6E05C28873AD500D7CEA7 /* ViewController.swift in Sources */,
				5CA6E05828873AD500D7CEA7 /* AppDelegate.swift in Sources */,
				5CA6E05A28873AD500D7CEA7 /* SceneDelegate.swift in Sources */,
			);
			runOnlyForDeploymentPostprocessing = 0;
		};
/* End PBXSourcesBuildPhase section */

/* Begin PBXVariantGroup section */
		5CA6E05D28873AD500D7CEA7 /* Main.storyboard */ = {
			isa = PBXVariantGroup;
			children = (
				5CA6E05E28873AD500D7CEA7 /* Base */,
			);
			name = Main.storyboard;
			sourceTree = "<group>";
		};
		5CA6E06228873AD700D7CEA7 /* LaunchScreen.storyboard */ = {
			isa = PBXVariantGroup;
			children = (
				5CA6E06328873AD700D7CEA7 /* Base */,
			);
			name = LaunchScreen.storyboard;
			sourceTree = "<group>";
		};
/* End PBXVariantGroup section */

/* Begin XCBuildConfiguration section */
		5CA6E06628873AD700D7CEA7 /* Debug */ = {
			isa = XCBuildConfiguration;
			buildSettings = {
				ALWAYS_SEARCH_USER_PATHS = NO;
				CLANG_ANALYZER_NONNULL = YES;
				CLANG_ANALYZER_NUMBER_OBJECT_CONVERSION = YES_AGGRESSIVE;
				CLANG_CXX_LANGUAGE_STANDARD = "gnu++17";
				CLANG_ENABLE_MODULES = YES;
				CLANG_ENABLE_OBJC_ARC = YES;
				CLANG_ENABLE_OBJC_WEAK = YES;
				CLANG_WARN_BLOCK_CAPTURE_AUTORELEASING = YES;
				CLANG_WARN_BOOL_CONVERSION = YES;
				CLANG_WARN_COMMA = YES;
				CLANG_WARN_CONSTANT_CONVERSION = YES;
				CLANG_WARN_DEPRECATED_OBJC_IMPLEMENTATIONS = YES;
				CLANG_WARN_DIRECT_OBJC_ISA_USAGE = YES_ERROR;
				CLANG_WARN_DOCUMENTATION_COMMENTS = YES;
				CLANG_WARN_EMPTY_BODY = YES;
				CLANG_WARN_ENUM_CONVERSION = YES;
				CLANG_WARN_INFINITE_RECURSION = YES;
				CLANG_WARN_INT_CONVERSION = YES;
				CLANG_WARN_NON_LITERAL_NULL_CONVERSION = YES;
				CLANG_WARN_OBJC_IMPLICIT_RETAIN_SELF = YES;
				CLANG_WARN_OBJC_LITERAL_CONVERSION = YES;
				CLANG_WARN_OBJC_ROOT_CLASS = YES_ERROR;
				CLANG_WARN_QUOTED_INCLUDE_IN_FRAMEWORK_HEADER = YES;
				CLANG_WARN_RANGE_LOOP_ANALYSIS = YES;
				CLANG_WARN_STRICT_PROTOTYPES = YES;
				CLANG_WARN_SUSPICIOUS_MOVE = YES;
				CLANG_WARN_UNGUARDED_AVAILABILITY = YES_AGGRESSIVE;
				CLANG_WARN_UNREACHABLE_CODE = YES;
				CLANG_WARN__DUPLICATE_METHOD_MATCH = YES;
				COPY_PHASE_STRIP = NO;
				DEBUG_INFORMATION_FORMAT = dwarf;
				ENABLE_STRICT_OBJC_MSGSEND = YES;
				ENABLE_TESTABILITY = YES;
				GCC_C_LANGUAGE_STANDARD = gnu11;
				GCC_DYNAMIC_NO_PIC = NO;
				GCC_NO_COMMON_BLOCKS = YES;
				GCC_OPTIMIZATION_LEVEL = 0;
				GCC_PREPROCESSOR_DEFINITIONS = (
					"DEBUG=1",
					"$(inherited)",
				);
				GCC_WARN_64_TO_32_BIT_CONVERSION = YES;
				GCC_WARN_ABOUT_RETURN_TYPE = YES_ERROR;
				GCC_WARN_UNDECLARED_SELECTOR = YES;
				GCC_WARN_UNINITIALIZED_AUTOS = YES_AGGRESSIVE;
				GCC_WARN_UNUSED_FUNCTION = YES;
				GCC_WARN_UNUSED_VARIABLE = YES;
				IPHONEOS_DEPLOYMENT_TARGET = 15.5;
				MTL_ENABLE_DEBUG_INFO = INCLUDE_SOURCE;
				MTL_FAST_MATH = YES;
				ONLY_ACTIVE_ARCH = YES;
				SDKROOT = iphoneos;
				SWIFT_ACTIVE_COMPILATION_CONDITIONS = DEBUG;
				SWIFT_OPTIMIZATION_LEVEL = "-Onone";
			};
			name = Debug;
		};
		5CA6E06728873AD700D7CEA7 /* Release */ = {
			isa = XCBuildConfiguration;
			buildSettings = {
				ALWAYS_SEARCH_USER_PATHS = NO;
				CLANG_ANALYZER_NONNULL = YES;
				CLANG_ANALYZER_NUMBER_OBJECT_CONVERSION = YES_AGGRESSIVE;
				CLANG_CXX_LANGUAGE_STANDARD = "gnu++17";
				CLANG_ENABLE_MODULES = YES;
				CLANG_ENABLE_OBJC_ARC = YES;
				CLANG_ENABLE_OBJC_WEAK = YES;
				CLANG_WARN_BLOCK_CAPTURE_AUTORELEASING = YES;
				CLANG_WARN_BOOL_CONVERSION = YES;
				CLANG_WARN_COMMA = YES;
				CLANG_WARN_CONSTANT_CONVERSION = YES;
				CLANG_WARN_DEPRECATED_OBJC_IMPLEMENTATIONS = YES;
				CLANG_WARN_DIRECT_OBJC_ISA_USAGE = YES_ERROR;
				CLANG_WARN_DOCUMENTATION_COMMENTS = YES;
				CLANG_WARN_EMPTY_BODY = YES;
				CLANG_WARN_ENUM_CONVERSION = YES;
				CLANG_WARN_INFINITE_RECURSION = YES;
				CLANG_WARN_INT_CONVERSION = YES;
				CLANG_WARN_NON_LITERAL_NULL_CONVERSION = YES;
				CLANG_WARN_OBJC_IMPLICIT_RETAIN_SELF = YES;
				CLANG_WARN_OBJC_LITERAL_CONVERSION = YES;
				CLANG_WARN_OBJC_ROOT_CLASS = YES_ERROR;
				CLANG_WARN_QUOTED_INCLUDE_IN_FRAMEWORK_HEADER = YES;
				CLANG_WARN_RANGE_LOOP_ANALYSIS = YES;
				CLANG_WARN_STRICT_PROTOTYPES = YES;
				CLANG_WARN_SUSPICIOUS_MOVE = YES;
				CLANG_WARN_UNGUARDED_AVAILABILITY = YES_AGGRESSIVE;
				CLANG_WARN_UNREACHABLE_CODE = YES;
				CLANG_WARN__DUPLICATE_METHOD_MATCH = YES;
				COPY_PHASE_STRIP = NO;
				DEBUG_INFORMATION_FORMAT = "dwarf-with-dsym";
				ENABLE_NS_ASSERTIONS = NO;
				ENABLE_STRICT_OBJC_MSGSEND = YES;
				GCC_C_LANGUAGE_STANDARD = gnu11;
				GCC_NO_COMMON_BLOCKS = YES;
				GCC_WARN_64_TO_32_BIT_CONVERSION = YES;
				GCC_WARN_ABOUT_RETURN_TYPE = YES_ERROR;
				GCC_WARN_UNDECLARED_SELECTOR = YES;
				GCC_WARN_UNINITIALIZED_AUTOS = YES_AGGRESSIVE;
				GCC_WARN_UNUSED_FUNCTION = YES;
				GCC_WARN_UNUSED_VARIABLE = YES;
				IPHONEOS_DEPLOYMENT_TARGET = 15.5;
				MTL_ENABLE_DEBUG_INFO = NO;
				MTL_FAST_MATH = YES;
				SDKROOT = iphoneos;
				SWIFT_COMPILATION_MODE = wholemodule;
				SWIFT_OPTIMIZATION_LEVEL = "-O";
				VALIDATE_PRODUCT = YES;
			};
			name = Release;
		};
		5CA6E06928873AD700D7CEA7 /* Debug */ = {
			isa = XCBuildConfiguration;
			buildSettings = {
				ASSETCATALOG_COMPILER_APPICON_NAME = AppIcon;
				ASSETCATALOG_COMPILER_GLOBAL_ACCENT_COLOR_NAME = AccentColor;
				CODE_SIGN_STYLE = Automatic;
				CURRENT_PROJECT_VERSION = 1;
				DEVELOPMENT_TEAM = 4995Y42837;
				GENERATE_INFOPLIST_FILE = YES;
				INFOPLIST_FILE = FlagList/Info.plist;
				INFOPLIST_KEY_UIApplicationSupportsIndirectInputEvents = YES;
				INFOPLIST_KEY_UILaunchStoryboardName = LaunchScreen;
				INFOPLIST_KEY_UIMainStoryboardFile = Main;
				INFOPLIST_KEY_UISupportedInterfaceOrientations_iPad = "UIInterfaceOrientationPortrait UIInterfaceOrientationPortraitUpsideDown UIInterfaceOrientationLandscapeLeft UIInterfaceOrientationLandscapeRight";
				INFOPLIST_KEY_UISupportedInterfaceOrientations_iPhone = "UIInterfaceOrientationPortrait UIInterfaceOrientationLandscapeLeft UIInterfaceOrientationLandscapeRight";
				LD_RUNPATH_SEARCH_PATHS = (
					"$(inherited)",
					"@executable_path/Frameworks",
				);
				MARKETING_VERSION = 1.0;
				PRODUCT_BUNDLE_IDENTIFIER = com.ancill.FlagList;
				PRODUCT_NAME = "$(TARGET_NAME)";
				SWIFT_EMIT_LOC_STRINGS = YES;
				SWIFT_VERSION = 5.0;
				TARGETED_DEVICE_FAMILY = "1,2";
			};
			name = Debug;
		};
		5CA6E06A28873AD700D7CEA7 /* Release */ = {
			isa = XCBuildConfiguration;
			buildSettings = {
				ASSETCATALOG_COMPILER_APPICON_NAME = AppIcon;
				ASSETCATALOG_COMPILER_GLOBAL_ACCENT_COLOR_NAME = AccentColor;
				CODE_SIGN_STYLE = Automatic;
				CURRENT_PROJECT_VERSION = 1;
				DEVELOPMENT_TEAM = 4995Y42837;
				GENERATE_INFOPLIST_FILE = YES;
				INFOPLIST_FILE = FlagList/Info.plist;
				INFOPLIST_KEY_UIApplicationSupportsIndirectInputEvents = YES;
				INFOPLIST_KEY_UILaunchStoryboardName = LaunchScreen;
				INFOPLIST_KEY_UIMainStoryboardFile = Main;
				INFOPLIST_KEY_UISupportedInterfaceOrientations_iPad = "UIInterfaceOrientationPortrait UIInterfaceOrientationPortraitUpsideDown UIInterfaceOrientationLandscapeLeft UIInterfaceOrientationLandscapeRight";
				INFOPLIST_KEY_UISupportedInterfaceOrientations_iPhone = "UIInterfaceOrientationPortrait UIInterfaceOrientationLandscapeLeft UIInterfaceOrientationLandscapeRight";
				LD_RUNPATH_SEARCH_PATHS = (
					"$(inherited)",
					"@executable_path/Frameworks",
				);
				MARKETING_VERSION = 1.0;
				PRODUCT_BUNDLE_IDENTIFIER = com.ancill.FlagList;
				PRODUCT_NAME = "$(TARGET_NAME)";
				SWIFT_EMIT_LOC_STRINGS = YES;
				SWIFT_VERSION = 5.0;
				TARGETED_DEVICE_FAMILY = "1,2";
			};
			name = Release;
		};
/* End XCBuildConfiguration section */

/* Begin XCConfigurationList section */
		5CA6E04F28873AD500D7CEA7 /* Build configuration list for PBXProject "FlagList" */ = {
			isa = XCConfigurationList;
			buildConfigurations = (
				5CA6E06628873AD700D7CEA7 /* Debug */,
				5CA6E06728873AD700D7CEA7 /* Release */,
			);
			defaultConfigurationIsVisible = 0;
			defaultConfigurationName = Release;
		};
		5CA6E06828873AD700D7CEA7 /* Build configuration list for PBXNativeTarget "FlagList" */ = {
			isa = XCConfigurationList;
			buildConfigurations = (
				5CA6E06928873AD700D7CEA7 /* Debug */,
				5CA6E06A28873AD700D7CEA7 /* Release */,
			);
			defaultConfigurationIsVisible = 0;
			defaultConfigurationName = Release;
		};
/* End XCConfigurationList section */
	};
	rootObject = 5CA6E04C28873AD500D7CEA7 /* Project object */;
}
